
Microsoft Visual Studio Solution File, Format Version 12.00
# Visual Studio Version 16
VisualStudioVersion = 16.0.28803.452
MinimumVisualStudioVersion = 10.0.40219.1
Project("{9A19103F-16F7-4668-BE54-9A1E7A4F7556}") = "MyApp", "MyApp\MyApp.csproj", "{6E612159-365F-49ED-B82E-24BC3F3D6E44}"
EndProject
Project("{FAE04EC0-301F-11D3-BF4B-00C04F79EFBC}") = "MyAppBLL", "MyAppBLL\MyAppBLL.csproj", "{26FFAF06-458B-4DCE-B0EF-661C7A65B848}"
EndProject
Project("{FAE04EC0-301F-11D3-BF4B-00C04F79EFBC}") = "MyAppDAL", "MyAppDAL\MyAppDAL.csproj", "{9932ECA6-F80E-41B9-B97B-B93194D861E0}"
EndProject
Project("{FAE04EC0-301F-11D3-BF4B-00C04F79EFBC}") = "MyAppModel", "MyAppModel\MyAppModel.csproj", "{5D163141-63AA-4266-A122-99F958AF464F}"
EndProject
Project("{FAE04EC0-301F-11D3-BF4B-00C04F79EFBC}") = "MyAppCommon", "MyAppCommon\MyAppCommon.csproj", "{E736E7F9-32BE-44B3-8C71-2110F7F45312}"
EndProject
Global
	GlobalSection(SolutionConfigurationPlatforms) = preSolution
		Debug|Any CPU = Debug|Any CPU
		Release|Any CPU = Release|Any CPU
	EndGlobalSection
	GlobalSection(ProjectConfigurationPlatforms) = postSolution
		{6E612159-365F-49ED-B82E-24BC3F3D6E44}.Debug|Any CPU.ActiveCfg = Debug|Any CPU
		{6E612159-365F-49ED-B82E-24BC3F3D6E44}.Debug|Any CPU.Build.0 = Debug|Any CPU
		{6E612159-365F-49ED-B82E-24BC3F3D6E44}.Release|Any CPU.ActiveCfg = Release|Any CPU
		{6E612159-365F-49ED-B82E-24BC3F3D6E44}.Release|Any CPU.Build.0 = Release|Any CPU
		{26FFAF06-458B-4DCE-B0EF-661C7A65B848}.Debug|Any CPU.ActiveCfg = Debug|Any CPU
		{26FFAF06-458B-4DCE-B0EF-661C7A65B848}.Debug|Any CPU.Build.0 = Debug|Any CPU
		{26FFAF06-458B-4DCE-B0EF-661C7A65B848}.Release|Any CPU.ActiveCfg = Release|Any CPU
		{26FFAF06-458B-4DCE-B0EF-661C7A65B848}.Release|Any CPU.Build.0 = Release|Any CPU
		{9932ECA6-F80E-41B9-B97B-B93194D861E0}.Debug|Any CPU.ActiveCfg = Debug|Any CPU
		{9932ECA6-F80E-41B9-B97B-B93194D861E0}.Debug|Any CPU.Build.0 = Debug|Any CPU
		{9932ECA6-F80E-41B9-B97B-B93194D861E0}.Release|Any CPU.ActiveCfg = Release|Any CPU
		{9932ECA6-F80E-41B9-B97B-B93194D861E0}.Release|Any CPU.Build.0 = Release|Any CPU
		{5D163141-63AA-4266-A122-99F958AF464F}.Debug|Any CPU.ActiveCfg = Debug|Any CPU
		{5D163141-63AA-4266-A122-99F958AF464F}.Debug|Any CPU.Build.0 = Debug|Any CPU
		{5D163141-63AA-4266-A122-99F958AF464F}.Release|Any CPU.ActiveCfg = Release|Any CPU
		{5D163141-63AA-4266-A122-99F958AF464F}.Release|Any CPU.Build.0 = Release|Any CPU
		{E736E7F9-32BE-44B3-8C71-2110F7F45312}.Debug|Any CPU.ActiveCfg = Debug|Any CPU
		{E736E7F9-32BE-44B3-8C71-2110F7F45312}.Debug|Any CPU.Build.0 = Debug|Any CPU
		{E736E7F9-32BE-44B3-8C71-2110F7F45312}.Release|Any CPU.ActiveCfg = Release|Any CPU
		{E736E7F9-32BE-44B3-8C71-2110F7F45312}.Release|Any CPU.Build.0 = Release|Any CPU
	EndGlobalSection
	GlobalSection(SolutionProperties) = preSolution
		HideSolutionNode = FALSE
	EndGlobalSection
	GlobalSection(ExtensibilityGlobals) = postSolution
		SolutionGuid = {E34C5C75-9391-44A8-AA00-13D3D0AE04C0}
	EndGlobalSection
EndGlobal
